// !$*UTF8*$!
{
	archiveVersion = 1;
	classes = {
	};
	objectVersion = 50;
	objects = {

/* Begin PBXBuildFile section */
		9636CF9524076FB1001CEFAF /* AppDelegate.swift in Sources */ = {isa = PBXBuildFile; fileRef = 9636CF9424076FB1001CEFAF /* AppDelegate.swift */; };
		9636CF9724076FB1001CEFAF /* SceneDelegate.swift in Sources */ = {isa = PBXBuildFile; fileRef = 9636CF9624076FB1001CEFAF /* SceneDelegate.swift */; };
		9636CF9924076FB1001CEFAF /* ViewController.swift in Sources */ = {isa = PBXBuildFile; fileRef = 9636CF9824076FB1001CEFAF /* ViewController.swift */; };
		9636CF9C24076FB1001CEFAF /* Main.storyboard in Resources */ = {isa = PBXBuildFile; fileRef = 9636CF9A24076FB1001CEFAF /* Main.storyboard */; };
		9636CF9E24076FB1001CEFAF /* Assets.xcassets in Resources */ = {isa = PBXBuildFile; fileRef = 9636CF9D24076FB1001CEFAF /* Assets.xcassets */; };
		9636CFA124076FB1001CEFAF /* LaunchScreen.storyboard in Resources */ = {isa = PBXBuildFile; fileRef = 9636CF9F24076FB1001CEFAF /* LaunchScreen.storyboard */; };
		9636CFAC24076FB2001CEFAF /* pruebaTests.swift in Sources */ = {isa = PBXBuildFile; fileRef = 9636CFAB24076FB2001CEFAF /* pruebaTests.swift */; };
		9636CFB724076FB2001CEFAF /* pruebaUITests.swift in Sources */ = {isa = PBXBuildFile; fileRef = 9636CFB624076FB2001CEFAF /* pruebaUITests.swift */; };
/* End PBXBuildFile section */

/* Begin PBXContainerItemProxy section */
		9636CFA824076FB2001CEFAF /* PBXContainerItemProxy */ = {
			isa = PBXContainerItemProxy;
			containerPortal = 9636CF8924076FB1001CEFAF /* Project object */;
			proxyType = 1;
			remoteGlobalIDString = 9636CF9024076FB1001CEFAF;
			remoteInfo = prueba;
		};
		9636CFB324076FB2001CEFAF /* PBXContainerItemProxy */ = {
			isa = PBXContainerItemProxy;
			containerPortal = 9636CF8924076FB1001CEFAF /* Project object */;
			proxyType = 1;
			remoteGlobalIDString = 9636CF9024076FB1001CEFAF;
			remoteInfo = prueba;
		};
/* End PBXContainerItemProxy section */

/* Begin PBXFileReference section */
		9636CF9124076FB1001CEFAF /* prueba.app */ = {isa = PBXFileReference; explicitFileType = wrapper.application; includeInIndex = 0; path = prueba.app; sourceTree = BUILT_PRODUCTS_DIR; };
		9636CF9424076FB1001CEFAF /* AppDelegate.swift */ = {isa = PBXFileReference; lastKnownFileType = sourcecode.swift; path = AppDelegate.swift; sourceTree = "<group>"; };
		9636CF9624076FB1001CEFAF /* SceneDelegate.swift */ = {isa = PBXFileReference; lastKnownFileType = sourcecode.swift; path = SceneDelegate.swift; sourceTree = "<group>"; };
		9636CF9824076FB1001CEFAF /* ViewController.swift */ = {isa = PBXFileReference; lastKnownFileType = sourcecode.swift; path = ViewController.swift; sourceTree = "<group>"; };
		9636CF9B24076FB1001CEFAF /* Base */ = {isa = PBXFileReference; lastKnownFileType = file.storyboard; name = Base; path = Base.lproj/Main.storyboard; sourceTree = "<group>"; };
		9636CF9D24076FB1001CEFAF /* Assets.xcassets */ = {isa = PBXFileReference; lastKnownFileType = folder.assetcatalog; path = Assets.xcassets; sourceTree = "<group>"; };
		9636CFA024076FB1001CEFAF /* Base */ = {isa = PBXFileReference; lastKnownFileType = file.storyboard; name = Base; path = Base.lproj/LaunchScreen.storyboard; sourceTree = "<group>"; };
		9636CFA224076FB1001CEFAF /* Info.plist */ = {isa = PBXFileReference; lastKnownFileType = text.plist.xml; path = Info.plist; sourceTree = "<group>"; };
		9636CFA724076FB2001CEFAF /* pruebaTests.xctest */ = {isa = PBXFileReference; explicitFileType = wrapper.cfbundle; includeInIndex = 0; path = pruebaTests.xctest; sourceTree = BUILT_PRODUCTS_DIR; };
		9636CFAB24076FB2001CEFAF /* pruebaTests.swift */ = {isa = PBXFileReference; lastKnownFileType = sourcecode.swift; path = pruebaTests.swift; sourceTree = "<group>"; };
		9636CFAD24076FB2001CEFAF /* Info.plist */ = {isa = PBXFileReference; lastKnownFileType = text.plist.xml; path = Info.plist; sourceTree = "<group>"; };
		9636CFB224076FB2001CEFAF /* pruebaUITests.xctest */ = {isa = PBXFileReference; explicitFileType = wrapper.cfbundle; includeInIndex = 0; path = pruebaUITests.xctest; sourceTree = BUILT_PRODUCTS_DIR; };
		9636CFB624076FB2001CEFAF /* pruebaUITests.swift */ = {isa = PBXFileReference; lastKnownFileType = sourcecode.swift; path = pruebaUITests.swift; sourceTree = "<group>"; };
		9636CFB824076FB2001CEFAF /* Info.plist */ = {isa = PBXFileReference; lastKnownFileType = text.plist.xml; path = Info.plist; sourceTree = "<group>"; };
/* End PBXFileReference section */

/* Begin PBXFrameworksBuildPhase section */
		9636CF8E24076FB1001CEFAF /* Frameworks */ = {
			isa = PBXFrameworksBuildPhase;
			buildActionMask = 2147483647;
			files = (
			);
			runOnlyForDeploymentPostprocessing = 0;
		};
		9636CFA424076FB2001CEFAF /* Frameworks */ = {
			isa = PBXFrameworksBuildPhase;
			buildActionMask = 2147483647;
			files = (
			);
			runOnlyForDeploymentPostprocessing = 0;
		};
		9636CFAF24076FB2001CEFAF /* Frameworks */ = {
			isa = PBXFrameworksBuildPhase;
			buildActionMask = 2147483647;
			files = (
			);
			runOnlyForDeploymentPostprocessing = 0;
		};
/* End PBXFrameworksBuildPhase section */

/* Begin PBXGroup section */
		9636CF8824076FB1001CEFAF = {
			isa = PBXGroup;
			children = (
				9636CF9324076FB1001CEFAF /* prueba */,
				9636CFAA24076FB2001CEFAF /* pruebaTests */,
				9636CFB524076FB2001CEFAF /* pruebaUITests */,
				9636CF9224076FB1001CEFAF /* Products */,
			);
			sourceTree = "<group>";
		};
		9636CF9224076FB1001CEFAF /* Products */ = {
			isa = PBXGroup;
			children = (
				9636CF9124076FB1001CEFAF /* prueba.app */,
				9636CFA724076FB2001CEFAF /* pruebaTests.xctest */,
				9636CFB224076FB2001CEFAF /* pruebaUITests.xctest */,
			);
			name = Products;
			sourceTree = "<group>";
		};
		9636CF9324076FB1001CEFAF /* prueba */ = {
			isa = PBXGroup;
			children = (
				9636CF9424076FB1001CEFAF /* AppDelegate.swift */,
				9636CF9624076FB1001CEFAF /* SceneDelegate.swift */,
				9636CF9824076FB1001CEFAF /* ViewController.swift */,
				9636CF9A24076FB1001CEFAF /* Main.storyboard */,
				9636CF9D24076FB1001CEFAF /* Assets.xcassets */,
				9636CF9F24076FB1001CEFAF /* LaunchScreen.storyboard */,
				9636CFA224076FB1001CEFAF /* Info.plist */,
			);
			path = prueba;
			sourceTree = "<group>";
		};
		9636CFAA24076FB2001CEFAF /* pruebaTests */ = {
			isa = PBXGroup;
			children = (
				9636CFAB24076FB2001CEFAF /* pruebaTests.swift */,
				9636CFAD24076FB2001CEFAF /* Info.plist */,
			);
			path = pruebaTests;
			sourceTree = "<group>";
		};
		9636CFB524076FB2001CEFAF /* pruebaUITests */ = {
			isa = PBXGroup;
			children = (
				9636CFB624076FB2001CEFAF /* pruebaUITests.swift */,
				9636CFB824076FB2001CEFAF /* Info.plist */,
			);
			path = pruebaUITests;
			sourceTree = "<group>";
		};
/* End PBXGroup section */

/* Begin PBXNativeTarget section */
		9636CF9024076FB1001CEFAF /* prueba */ = {
			isa = PBXNativeTarget;
			buildConfigurationList = 9636CFBB24076FB2001CEFAF /* Build configuration list for PBXNativeTarget "prueba" */;
			buildPhases = (
				9636CF8D24076FB1001CEFAF /* Sources */,
				9636CF8E24076FB1001CEFAF /* Frameworks */,
				9636CF8F24076FB1001CEFAF /* Resources */,
			);
			buildRules = (
			);
			dependencies = (
			);
			name = prueba;
			productName = prueba;
			productReference = 9636CF9124076FB1001CEFAF /* prueba.app */;
			productType = "com.apple.product-type.application";
		};
		9636CFA624076FB2001CEFAF /* pruebaTests */ = {
			isa = PBXNativeTarget;
			buildConfigurationList = 9636CFBE24076FB2001CEFAF /* Build configuration list for PBXNativeTarget "pruebaTests" */;
			buildPhases = (
				9636CFA324076FB2001CEFAF /* Sources */,
				9636CFA424076FB2001CEFAF /* Frameworks */,
				9636CFA524076FB2001CEFAF /* Resources */,
			);
			buildRules = (
			);
			dependencies = (
				9636CFA924076FB2001CEFAF /* PBXTargetDependency */,
			);
			name = pruebaTests;
			productName = pruebaTests;
			productReference = 9636CFA724076FB2001CEFAF /* pruebaTests.xctest */;
			productType = "com.apple.product-type.bundle.unit-test";
		};
		9636CFB124076FB2001CEFAF /* pruebaUITests */ = {
			isa = PBXNativeTarget;
			buildConfigurationList = 9636CFC124076FB2001CEFAF /* Build configuration list for PBXNativeTarget "pruebaUITests" */;
			buildPhases = (
				9636CFAE24076FB2001CEFAF /* Sources */,
				9636CFAF24076FB2001CEFAF /* Frameworks */,
				9636CFB024076FB2001CEFAF /* Resources */,
			);
			buildRules = (
			);
			dependencies = (
				9636CFB424076FB2001CEFAF /* PBXTargetDependency */,
			);
			name = pruebaUITests;
			productName = pruebaUITests;
			productReference = 9636CFB224076FB2001CEFAF /* pruebaUITests.xctest */;
			productType = "com.apple.product-type.bundle.ui-testing";
		};
/* End PBXNativeTarget section */

/* Begin PBXProject section */
		9636CF8924076FB1001CEFAF /* Project object */ = {
			isa = PBXProject;
			attributes = {
				LastSwiftUpdateCheck = 1130;
				LastUpgradeCheck = 1130;
				ORGANIZATIONNAME = "HARF Technologies";
				TargetAttributes = {
					9636CF9024076FB1001CEFAF = {
						CreatedOnToolsVersion = 11.3.1;
					};
					9636CFA624076FB2001CEFAF = {
						CreatedOnToolsVersion = 11.3.1;
						TestTargetID = 9636CF9024076FB1001CEFAF;
					};
					9636CFB124076FB2001CEFAF = {
						CreatedOnToolsVersion = 11.3.1;
						TestTargetID = 9636CF9024076FB1001CEFAF;
					};
				};
			};
			buildConfigurationList = 9636CF8C24076FB1001CEFAF /* Build configuration list for PBXProject "prueba" */;
			compatibilityVersion = "Xcode 9.3";
			developmentRegion = en;
			hasScannedForEncodings = 0;
			knownRegions = (
				en,
				Base,
			);
			mainGroup = 9636CF8824076FB1001CEFAF;
			productRefGroup = 9636CF9224076FB1001CEFAF /* Products */;
			projectDirPath = "";
			projectRoot = "";
			targets = (
				9636CF9024076FB1001CEFAF /* prueba */,
				9636CFA624076FB2001CEFAF /* pruebaTests */,
				9636CFB124076FB2001CEFAF /* pruebaUITests */,
			);
		};
/* End PBXProject section */

/* Begin PBXResourcesBuildPhase section */
		9636CF8F24076FB1001CEFAF /* Resources */ = {
			isa = PBXResourcesBuildPhase;
			buildActionMask = 2147483647;
			files = (
				9636CFA124076FB1001CEFAF /* LaunchScreen.storyboard in Resources */,
				9636CF9E24076FB1001CEFAF /* Assets.xcassets in Resources */,
				9636CF9C24076FB1001CEFAF /* Main.storyboard in Resources */,
			);
			runOnlyForDeploymentPostprocessing = 0;
		};
		9636CFA524076FB2001CEFAF /* Resources */ = {
			isa = PBXResourcesBuildPhase;
			buildActionMask = 2147483647;
			files = (
			);
			runOnlyForDeploymentPostprocessing = 0;
		};
		9636CFB024076FB2001CEFAF /* Resources */ = {
			isa = PBXResourcesBuildPhase;
			buildActionMask = 2147483647;
			files = (
			);
			runOnlyForDeploymentPostprocessing = 0;
		};
/* End PBXResourcesBuildPhase section */

/* Begin PBXSourcesBuildPhase section */
		9636CF8D24076FB1001CEFAF /* Sources */ = {
			isa = PBXSourcesBuildPhase;
			buildActionMask = 2147483647;
			files = (
				9636CF9924076FB1001CEFAF /* ViewController.swift in Sources */,
				9636CF9524076FB1001CEFAF /* AppDelegate.swift in Sources */,
				9636CF9724076FB1001CEFAF /* SceneDelegate.swift in Sources */,
			);
			runOnlyForDeploymentPostprocessing = 0;
		};
		9636CFA324076FB2001CEFAF /* Sources */ = {
			isa = PBXSourcesBuildPhase;
			buildActionMask = 2147483647;
			files = (
				9636CFAC24076FB2001CEFAF /* pruebaTests.swift in Sources */,
			);
			runOnlyForDeploymentPostprocessing = 0;
		};
		9636CFAE24076FB2001CEFAF /* Sources */ = {
			isa = PBXSourcesBuildPhase;
			buildActionMask = 2147483647;
			files = (
				9636CFB724076FB2001CEFAF /* pruebaUITests.swift in Sources */,
			);
			runOnlyForDeploymentPostprocessing = 0;
		};
/* End PBXSourcesBuildPhase section */

/* Begin PBXTargetDependency section */
		9636CFA924076FB2001CEFAF /* PBXTargetDependency */ = {
			isa = PBXTargetDependency;
			target = 9636CF9024076FB1001CEFAF /* prueba */;
			targetProxy = 9636CFA824076FB2001CEFAF /* PBXContainerItemProxy */;
		};
		9636CFB424076FB2001CEFAF /* PBXTargetDependency */ = {
			isa = PBXTargetDependency;
			target = 9636CF9024076FB1001CEFAF /* prueba */;
			targetProxy = 9636CFB324076FB2001CEFAF /* PBXContainerItemProxy */;
		};
/* End PBXTargetDependency section */

/* Begin PBXVariantGroup section */
		9636CF9A24076FB1001CEFAF /* Main.storyboard */ = {
			isa = PBXVariantGroup;
			children = (
				9636CF9B24076FB1001CEFAF /* Base */,
			);
			name = Main.storyboard;
			sourceTree = "<group>";
		};
		9636CF9F24076FB1001CEFAF /* LaunchScreen.storyboard */ = {
			isa = PBXVariantGroup;
			children = (
				9636CFA024076FB1001CEFAF /* Base */,
			);
			name = LaunchScreen.storyboard;
			sourceTree = "<group>";
		};
/* End PBXVariantGroup section */

/* Begin XCBuildConfiguration section */
		9636CFB924076FB2001CEFAF /* Debug */ = {
			isa = XCBuildConfiguration;
			buildSettings = {
				ALWAYS_SEARCH_USER_PATHS = NO;
				CLANG_ANALYZER_NONNULL = YES;
				CLANG_ANALYZER_NUMBER_OBJECT_CONVERSION = YES_AGGRESSIVE;
				CLANG_CXX_LANGUAGE_STANDARD = "gnu++14";
				CLANG_CXX_LIBRARY = "libc++";
				CLANG_ENABLE_MODULES = YES;
				CLANG_ENABLE_OBJC_ARC = YES;
				CLANG_ENABLE_OBJC_WEAK = YES;
				CLANG_WARN_BLOCK_CAPTURE_AUTORELEASING = YES;
				CLANG_WARN_BOOL_CONVERSION = YES;
				CLANG_WARN_COMMA = YES;
				CLANG_WARN_CONSTANT_CONVERSION = YES;
				CLANG_WARN_DEPRECATED_OBJC_IMPLEMENTATIONS = YES;
				CLANG_WARN_DIRECT_OBJC_ISA_USAGE = YES_ERROR;
				CLANG_WARN_DOCUMENTATION_COMMENTS = YES;
				CLANG_WARN_EMPTY_BODY = YES;
				CLANG_WARN_ENUM_CONVERSION = YES;
				CLANG_WARN_INFINITE_RECURSION = YES;
				CLANG_WARN_INT_CONVERSION = YES;
				CLANG_WARN_NON_LITERAL_NULL_CONVERSION = YES;
				CLANG_WARN_OBJC_IMPLICIT_RETAIN_SELF = YES;
				CLANG_WARN_OBJC_LITERAL_CONVERSION = YES;
				CLANG_WARN_OBJC_ROOT_CLASS = YES_ERROR;
				CLANG_WARN_RANGE_LOOP_ANALYSIS = YES;
				CLANG_WARN_STRICT_PROTOTYPES = YES;
				CLANG_WARN_SUSPICIOUS_MOVE = YES;
				CLANG_WARN_UNGUARDED_AVAILABILITY = YES_AGGRESSIVE;
				CLANG_WARN_UNREACHABLE_CODE = YES;
				CLANG_WARN__DUPLICATE_METHOD_MATCH = YES;
				COPY_PHASE_STRIP = NO;
				DEBUG_INFORMATION_FORMAT = dwarf;
				ENABLE_STRICT_OBJC_MSGSEND = YES;
				ENABLE_TESTABILITY = YES;
				GCC_C_LANGUAGE_STANDARD = gnu11;
				GCC_DYNAMIC_NO_PIC = NO;
				GCC_NO_COMMON_BLOCKS = YES;
				GCC_OPTIMIZATION_LEVEL = 0;
				GCC_PREPROCESSOR_DEFINITIONS = (
					"DEBUG=1",
					"$(inherited)",
				);
				GCC_WARN_64_TO_32_BIT_CONVERSION = YES;
				GCC_WARN_ABOUT_RETURN_TYPE = YES_ERROR;
				GCC_WARN_UNDECLARED_SELECTOR = YES;
				GCC_WARN_UNINITIALIZED_AUTOS = YES_AGGRESSIVE;
				GCC_WARN_UNUSED_FUNCTION = YES;
				GCC_WARN_UNUSED_VARIABLE = YES;
				IPHONEOS_DEPLOYMENT_TARGET = 13.2;
				MTL_ENABLE_DEBUG_INFO = INCLUDE_SOURCE;
				MTL_FAST_MATH = YES;
				ONLY_ACTIVE_ARCH = YES;
				SDKROOT = iphoneos;
				SWIFT_ACTIVE_COMPILATION_CONDITIONS = DEBUG;
				SWIFT_OPTIMIZATION_LEVEL = "-Onone";
			};
			name = Debug;
		};
		9636CFBA24076FB2001CEFAF /* Release */ = {
			isa = XCBuildConfiguration;
			buildSettings = {
				ALWAYS_SEARCH_USER_PATHS = NO;
				CLANG_ANALYZER_NONNULL = YES;
				CLANG_ANALYZER_NUMBER_OBJECT_CONVERSION = YES_AGGRESSIVE;
				CLANG_CXX_LANGUAGE_STANDARD = "gnu++14";
				CLANG_CXX_LIBRARY = "libc++";
				CLANG_ENABLE_MODULES = YES;
				CLANG_ENABLE_OBJC_ARC = YES;
				CLANG_ENABLE_OBJC_WEAK = YES;
				CLANG_WARN_BLOCK_CAPTURE_AUTORELEASING = YES;
				CLANG_WARN_BOOL_CONVERSION = YES;
				CLANG_WARN_COMMA = YES;
				CLANG_WARN_CONSTANT_CONVERSION = YES;
				CLANG_WARN_DEPRECATED_OBJC_IMPLEMENTATIONS = YES;
				CLANG_WARN_DIRECT_OBJC_ISA_USAGE = YES_ERROR;
				CLANG_WARN_DOCUMENTATION_COMMENTS = YES;
				CLANG_WARN_EMPTY_BODY = YES;
				CLANG_WARN_ENUM_CONVERSION = YES;
				CLANG_WARN_INFINITE_RECURSION = YES;
				CLANG_WARN_INT_CONVERSION = YES;
				CLANG_WARN_NON_LITERAL_NULL_CONVERSION = YES;
				CLANG_WARN_OBJC_IMPLICIT_RETAIN_SELF = YES;
				CLANG_WARN_OBJC_LITERAL_CONVERSION = YES;
				CLANG_WARN_OBJC_ROOT_CLASS = YES_ERROR;
				CLANG_WARN_RANGE_LOOP_ANALYSIS = YES;
				CLANG_WARN_STRICT_PROTOTYPES = YES;
				CLANG_WARN_SUSPICIOUS_MOVE = YES;
				CLANG_WARN_UNGUARDED_AVAILABILITY = YES_AGGRESSIVE;
				CLANG_WARN_UNREACHABLE_CODE = YES;
				CLANG_WARN__DUPLICATE_METHOD_MATCH = YES;
				COPY_PHASE_STRIP = NO;
				DEBUG_INFORMATION_FORMAT = "dwarf-with-dsym";
				ENABLE_NS_ASSERTIONS = NO;
				ENABLE_STRICT_OBJC_MSGSEND = YES;
				GCC_C_LANGUAGE_STANDARD = gnu11;
				GCC_NO_COMMON_BLOCKS = YES;
				GCC_WARN_64_TO_32_BIT_CONVERSION = YES;
				GCC_WARN_ABOUT_RETURN_TYPE = YES_ERROR;
				GCC_WARN_UNDECLARED_SELECTOR = YES;
				GCC_WARN_UNINITIALIZED_AUTOS = YES_AGGRESSIVE;
				GCC_WARN_UNUSED_FUNCTION = YES;
				GCC_WARN_UNUSED_VARIABLE = YES;
				IPHONEOS_DEPLOYMENT_TARGET = 13.2;
				MTL_ENABLE_DEBUG_INFO = NO;
				MTL_FAST_MATH = YES;
				SDKROOT = iphoneos;
				SWIFT_COMPILATION_MODE = wholemodule;
				SWIFT_OPTIMIZATION_LEVEL = "-O";
				VALIDATE_PRODUCT = YES;
			};
			name = Release;
		};
		9636CFBC24076FB2001CEFAF /* Debug */ = {
			isa = XCBuildConfiguration;
			buildSettings = {
				ASSETCATALOG_COMPILER_APPICON_NAME = AppIcon;
				CODE_SIGN_STYLE = Automatic;
				INFOPLIST_FILE = prueba/Info.plist;
				LD_RUNPATH_SEARCH_PATHS = (
					"$(inherited)",
					"@executable_path/Frameworks",
				);
				PRODUCT_BUNDLE_IDENTIFIER = mx.com.harftechnologies.prueba;
				PRODUCT_NAME = "$(TARGET_NAME)";
				SWIFT_VERSION = 5.0;
				TARGETED_DEVICE_FAMILY = "1,2";
			};
			name = Debug;
		};
		9636CFBD24076FB2001CEFAF /* Release */ = {
			isa = XCBuildConfiguration;
			buildSettings = {
				ASSETCATALOG_COMPILER_APPICON_NAME = AppIcon;
				CODE_SIGN_STYLE = Automatic;
				INFOPLIST_FILE = prueba/Info.plist;
				LD_RUNPATH_SEARCH_PATHS = (
					"$(inherited)",
					"@executable_path/Frameworks",
				);
				PRODUCT_BUNDLE_IDENTIFIER = mx.com.harftechnologies.prueba;
				PRODUCT_NAME = "$(TARGET_NAME)";
				SWIFT_VERSION = 5.0;
				TARGETED_DEVICE_FAMILY = "1,2";
			};
			name = Release;
		};
		9636CFBF24076FB2001CEFAF /* Debug */ = {
			isa = XCBuildConfiguration;
			buildSettings = {
				ALWAYS_EMBED_SWIFT_STANDARD_LIBRARIES = YES;
				BUNDLE_LOADER = "$(TEST_HOST)";
				CODE_SIGN_STYLE = Automatic;
				INFOPLIST_FILE = pruebaTests/Info.plist;
				IPHONEOS_DEPLOYMENT_TARGET = 13.2;
				LD_RUNPATH_SEARCH_PATHS = (
					"$(inherited)",
					"@executable_path/Frameworks",
					"@loader_path/Frameworks",
				);
				PRODUCT_BUNDLE_IDENTIFIER = mx.com.harftechnologies.pruebaTests;
				PRODUCT_NAME = "$(TARGET_NAME)";
				SWIFT_VERSION = 5.0;
				TARGETED_DEVICE_FAMILY = "1,2";
				TEST_HOST = "$(BUILT_PRODUCTS_DIR)/prueba.app/prueba";
			};
			name = Debug;
		};
		9636CFC024076FB2001CEFAF /* Release */ = {
			isa = XCBuildConfiguration;
			buildSettings = {
				ALWAYS_EMBED_SWIFT_STANDARD_LIBRARIES = YES;
				BUNDLE_LOADER = "$(TEST_HOST)";
				CODE_SIGN_STYLE = Automatic;
				INFOPLIST_FILE = pruebaTests/Info.plist;
				IPHONEOS_DEPLOYMENT_TARGET = 13.2;
				LD_RUNPATH_SEARCH_PATHS = (
					"$(inherited)",
					"@executable_path/Frameworks",
					"@loader_path/Frameworks",
				);
				PRODUCT_BUNDLE_IDENTIFIER = mx.com.harftechnologies.pruebaTests;
				PRODUCT_NAME = "$(TARGET_NAME)";
				SWIFT_VERSION = 5.0;
				TARGETED_DEVICE_FAMILY = "1,2";
				TEST_HOST = "$(BUILT_PRODUCTS_DIR)/prueba.app/prueba";
			};
			name = Release;
		};
		9636CFC224076FB2001CEFAF /* Debug */ = {
			isa = XCBuildConfiguration;
			buildSettings = {
				ALWAYS_EMBED_SWIFT_STANDARD_LIBRARIES = YES;
				CODE_SIGN_STYLE = Automatic;
				INFOPLIST_FILE = pruebaUITests/Info.plist;
				LD_RUNPATH_SEARCH_PATHS = (
					"$(inherited)",
					"@executable_path/Frameworks",
					"@loader_path/Frameworks",
				);
				PRODUCT_BUNDLE_IDENTIFIER = mx.com.harftechnologies.pruebaUITests;
				PRODUCT_NAME = "$(TARGET_NAME)";
				SWIFT_VERSION = 5.0;
				TARGETED_DEVICE_FAMILY = "1,2";
				TEST_TARGET_NAME = prueba;
			};
			name = Debug;
		};
		9636CFC324076FB2001CEFAF /* Release */ = {
			isa = XCBuildConfiguration;
			buildSettings = {
				ALWAYS_EMBED_SWIFT_STANDARD_LIBRARIES = YES;
				CODE_SIGN_STYLE = Automatic;
				INFOPLIST_FILE = pruebaUITests/Info.plist;
				LD_RUNPATH_SEARCH_PATHS = (
					"$(inherited)",
					"@executable_path/Frameworks",
					"@loader_path/Frameworks",
				);
				PRODUCT_BUNDLE_IDENTIFIER = mx.com.harftechnologies.pruebaUITests;
				PRODUCT_NAME = "$(TARGET_NAME)";
				SWIFT_VERSION = 5.0;
				TARGETED_DEVICE_FAMILY = "1,2";
				TEST_TARGET_NAME = prueba;
			};
			name = Release;
		};
/* End XCBuildConfiguration section */

/* Begin XCConfigurationList section */
		9636CF8C24076FB1001CEFAF /* Build configuration list for PBXProject "prueba" */ = {
			isa = XCConfigurationList;
			buildConfigurations = (
				9636CFB924076FB2001CEFAF /* Debug */,
				9636CFBA24076FB2001CEFAF /* Release */,
			);
			defaultConfigurationIsVisible = 0;
			defaultConfigurationName = Release;
		};
		9636CFBB24076FB2001CEFAF /* Build configuration list for PBXNativeTarget "prueba" */ = {
			isa = XCConfigurationList;
			buildConfigurations = (
				9636CFBC24076FB2001CEFAF /* Debug */,
				9636CFBD24076FB2001CEFAF /* Release */,
			);
			defaultConfigurationIsVisible = 0;
			defaultConfigurationName = Release;
		};
		9636CFBE24076FB2001CEFAF /* Build configuration list for PBXNativeTarget "pruebaTests" */ = {
			isa = XCConfigurationList;
			buildConfigurations = (
				9636CFBF24076FB2001CEFAF /* Debug */,
				9636CFC024076FB2001CEFAF /* Release */,
			);
			defaultConfigurationIsVisible = 0;
			defaultConfigurationName = Release;
		};
		9636CFC124076FB2001CEFAF /* Build configuration list for PBXNativeTarget "pruebaUITests" */ = {
			isa = XCConfigurationList;
			buildConfigurations = (
				9636CFC224076FB2001CEFAF /* Debug */,
				9636CFC324076FB2001CEFAF /* Release */,
			);
			defaultConfigurationIsVisible = 0;
			defaultConfigurationName = Release;
		};
/* End XCConfigurationList section */
	};
	rootObject = 9636CF8924076FB1001CEFAF /* Project object */;
}
